
Microsoft Visual Studio Solution File, Format Version 12.00
# Visual Studio Version 17
VisualStudioVersion = 17.11.35222.181
MinimumVisualStudioVersion = 10.0.40219.1
Project("{FAE04EC0-301F-11D3-BF4B-00C04F79EFBC}") = "EFCOREproject", "EFCOREproject\EFCOREproject.csproj", "{8489291F-C980-4D3E-A862-BFBFFDE3CCF6}"
EndProject
Global
	GlobalSection(SolutionConfigurationPlatforms) = preSolution
		Debug|Any CPU = Debug|Any CPU
		Release|Any CPU = Release|Any CPU
	EndGlobalSection
	GlobalSection(ProjectConfigurationPlatforms) = postSolution
		{8489291F-C980-4D3E-A862-BFBFFDE3CCF6}.Debug|Any CPU.ActiveCfg = Debug|Any CPU
		{8489291F-C980-4D3E-A862-BFBFFDE3CCF6}.Debug|Any CPU.Build.0 = Debug|Any CPU
		{8489291F-C980-4D3E-A862-BFBFFDE3CCF6}.Release|Any CPU.ActiveCfg = Release|Any CPU
		{8489291F-C980-4D3E-A862-BFBFFDE3CCF6}.Release|Any CPU.Build.0 = Release|Any CPU
	EndGlobalSection
	GlobalSection(SolutionProperties) = preSolution
		HideSolutionNode = FALSE
	EndGlobalSection
	GlobalSection(ExtensibilityGlobals) = postSolution
		SolutionGuid = {1292C7E2-4442-4B51-9DAB-36E40F381C49}
	EndGlobalSection
EndGlobal
